// !$*UTF8*$!
{
	archiveVersion = 1;
	classes = {
	};
	objectVersion = 50;
	objects = {

/* Begin PBXBuildFile section */
		4E50065D2340EA9600AC36DC /* AppDelegate.swift in Sources */ = {isa = PBXBuildFile; fileRef = 4E50065C2340EA9600AC36DC /* AppDelegate.swift */; };
		4E50065F2340EA9600AC36DC /* SceneDelegate.swift in Sources */ = {isa = PBXBuildFile; fileRef = 4E50065E2340EA9600AC36DC /* SceneDelegate.swift */; };
		4E5006612340EA9600AC36DC /* ContentView.swift in Sources */ = {isa = PBXBuildFile; fileRef = 4E5006602340EA9600AC36DC /* ContentView.swift */; };
		4E5006632340EA9800AC36DC /* Assets.xcassets in Resources */ = {isa = PBXBuildFile; fileRef = 4E5006622340EA9800AC36DC /* Assets.xcassets */; };
		4E5006662340EA9800AC36DC /* Preview Assets.xcassets in Resources */ = {isa = PBXBuildFile; fileRef = 4E5006652340EA9800AC36DC /* Preview Assets.xcassets */; };
		4E5006692340EA9800AC36DC /* LaunchScreen.storyboard in Resources */ = {isa = PBXBuildFile; fileRef = 4E5006672340EA9800AC36DC /* LaunchScreen.storyboard */; };
		4E5006712340ECFE00AC36DC /* rust in Resources */ = {isa = PBXBuildFile; fileRef = 4E5006702340ECFE00AC36DC /* rust */; };
		4E5006752340F01900AC36DC /* librust.a in Frameworks */ = {isa = PBXBuildFile; fileRef = 4E5006742340F01900AC36DC /* librust.a */; };
		4EAD69D92340FB49003EA06A /* DataStructs.swift in Sources */ = {isa = PBXBuildFile; fileRef = 4EAD69D62340FB48003EA06A /* DataStructs.swift */; };
		4EAD69DA2340FB49003EA06A /* Scrapers.swift in Sources */ = {isa = PBXBuildFile; fileRef = 4EAD69D72340FB49003EA06A /* Scrapers.swift */; };
		4EAD69DB2340FB49003EA06A /* Downloader.swift in Sources */ = {isa = PBXBuildFile; fileRef = 4EAD69D82340FB49003EA06A /* Downloader.swift */; };
/* End PBXBuildFile section */

/* Begin PBXFileReference section */
		4E5006592340EA9600AC36DC /* overgg-swiftui.app */ = {isa = PBXFileReference; explicitFileType = wrapper.application; includeInIndex = 0; path = "overgg-swiftui.app"; sourceTree = BUILT_PRODUCTS_DIR; };
		4E50065C2340EA9600AC36DC /* AppDelegate.swift */ = {isa = PBXFileReference; lastKnownFileType = sourcecode.swift; path = AppDelegate.swift; sourceTree = "<group>"; };
		4E50065E2340EA9600AC36DC /* SceneDelegate.swift */ = {isa = PBXFileReference; lastKnownFileType = sourcecode.swift; path = SceneDelegate.swift; sourceTree = "<group>"; };
		4E5006602340EA9600AC36DC /* ContentView.swift */ = {isa = PBXFileReference; lastKnownFileType = sourcecode.swift; path = ContentView.swift; sourceTree = "<group>"; };
		4E5006622340EA9800AC36DC /* Assets.xcassets */ = {isa = PBXFileReference; lastKnownFileType = folder.assetcatalog; path = Assets.xcassets; sourceTree = "<group>"; };
		4E5006652340EA9800AC36DC /* Preview Assets.xcassets */ = {isa = PBXFileReference; lastKnownFileType = folder.assetcatalog; path = "Preview Assets.xcassets"; sourceTree = "<group>"; };
		4E5006682340EA9800AC36DC /* Base */ = {isa = PBXFileReference; lastKnownFileType = file.storyboard; name = Base; path = Base.lproj/LaunchScreen.storyboard; sourceTree = "<group>"; };
		4E50066A2340EA9800AC36DC /* Info.plist */ = {isa = PBXFileReference; lastKnownFileType = text.plist.xml; path = Info.plist; sourceTree = "<group>"; };
		4E5006702340ECFE00AC36DC /* rust */ = {isa = PBXFileReference; lastKnownFileType = folder; path = rust; sourceTree = "<group>"; };
		4E5006742340F01900AC36DC /* librust.a */ = {isa = PBXFileReference; lastKnownFileType = archive.ar; name = librust.a; path = rust/target/universal/debug/librust.a; sourceTree = "<group>"; };
		4EAD69D62340FB48003EA06A /* DataStructs.swift */ = {isa = PBXFileReference; fileEncoding = 4; lastKnownFileType = sourcecode.swift; path = DataStructs.swift; sourceTree = "<group>"; };
		4EAD69D72340FB49003EA06A /* Scrapers.swift */ = {isa = PBXFileReference; fileEncoding = 4; lastKnownFileType = sourcecode.swift; path = Scrapers.swift; sourceTree = "<group>"; };
		4EAD69D82340FB49003EA06A /* Downloader.swift */ = {isa = PBXFileReference; fileEncoding = 4; lastKnownFileType = sourcecode.swift; path = Downloader.swift; sourceTree = "<group>"; };
		4EAD69DC2340FBC3003EA06A /* overgg-swiftui-Bridging-Header.h */ = {isa = PBXFileReference; lastKnownFileType = sourcecode.c.h; path = "overgg-swiftui-Bridging-Header.h"; sourceTree = "<group>"; };
/* End PBXFileReference section */

/* Begin PBXFrameworksBuildPhase section */
		4E5006562340EA9600AC36DC /* Frameworks */ = {
			isa = PBXFrameworksBuildPhase;
			buildActionMask = 2147483647;
			files = (
				4E5006752340F01900AC36DC /* librust.a in Frameworks */,
			);
			runOnlyForDeploymentPostprocessing = 0;
		};
/* End PBXFrameworksBuildPhase section */

/* Begin PBXGroup section */
		4E5006502340EA9600AC36DC = {
			isa = PBXGroup;
			children = (
				4E50065B2340EA9600AC36DC /* overgg-swiftui */,
				4E50065A2340EA9600AC36DC /* Products */,
				4E5006702340ECFE00AC36DC /* rust */,
				4E5006732340F01900AC36DC /* Frameworks */,
			);
			sourceTree = "<group>";
		};
		4E50065A2340EA9600AC36DC /* Products */ = {
			isa = PBXGroup;
			children = (
				4E5006592340EA9600AC36DC /* overgg-swiftui.app */,
			);
			name = Products;
			sourceTree = "<group>";
		};
		4E50065B2340EA9600AC36DC /* overgg-swiftui */ = {
			isa = PBXGroup;
			children = (
				4EAD69D62340FB48003EA06A /* DataStructs.swift */,
				4EAD69D82340FB49003EA06A /* Downloader.swift */,
				4EAD69D72340FB49003EA06A /* Scrapers.swift */,
				4E50065C2340EA9600AC36DC /* AppDelegate.swift */,
				4E50065E2340EA9600AC36DC /* SceneDelegate.swift */,
				4E5006602340EA9600AC36DC /* ContentView.swift */,
				4E5006622340EA9800AC36DC /* Assets.xcassets */,
				4E5006672340EA9800AC36DC /* LaunchScreen.storyboard */,
				4E50066A2340EA9800AC36DC /* Info.plist */,
				4E5006642340EA9800AC36DC /* Preview Content */,
				4EAD69DC2340FBC3003EA06A /* overgg-swiftui-Bridging-Header.h */,
			);
			path = "overgg-swiftui";
			sourceTree = "<group>";
		};
		4E5006642340EA9800AC36DC /* Preview Content */ = {
			isa = PBXGroup;
			children = (
				4E5006652340EA9800AC36DC /* Preview Assets.xcassets */,
			);
			path = "Preview Content";
			sourceTree = "<group>";
		};
		4E5006732340F01900AC36DC /* Frameworks */ = {
			isa = PBXGroup;
			children = (
				4E5006742340F01900AC36DC /* librust.a */,
			);
			name = Frameworks;
			sourceTree = "<group>";
		};
/* End PBXGroup section */

/* Begin PBXNativeTarget section */
		4E5006582340EA9600AC36DC /* overgg-swiftui */ = {
			isa = PBXNativeTarget;
			buildConfigurationList = 4E50066D2340EA9800AC36DC /* Build configuration list for PBXNativeTarget "overgg-swiftui" */;
			buildPhases = (
				4E5006722340EED200AC36DC /* ShellScript */,
				4E5006552340EA9600AC36DC /* Sources */,
				4E5006562340EA9600AC36DC /* Frameworks */,
				4E5006572340EA9600AC36DC /* Resources */,
			);
			buildRules = (
			);
			dependencies = (
			);
			name = "overgg-swiftui";
			productName = "overgg-swiftui";
			productReference = 4E5006592340EA9600AC36DC /* overgg-swiftui.app */;
			productType = "com.apple.product-type.application";
		};
/* End PBXNativeTarget section */

/* Begin PBXProject section */
		4E5006512340EA9600AC36DC /* Project object */ = {
			isa = PBXProject;
			attributes = {
				LastSwiftUpdateCheck = 1100;
				LastUpgradeCheck = 1100;
				ORGANIZATIONNAME = "Jarek Samic";
				TargetAttributes = {
					4E5006582340EA9600AC36DC = {
						CreatedOnToolsVersion = 11.0;
						LastSwiftMigration = 1100;
					};
				};
			};
			buildConfigurationList = 4E5006542340EA9600AC36DC /* Build configuration list for PBXProject "overgg-swiftui" */;
			compatibilityVersion = "Xcode 9.3";
			developmentRegion = en;
			hasScannedForEncodings = 0;
			knownRegions = (
				en,
				Base,
			);
			mainGroup = 4E5006502340EA9600AC36DC;
			productRefGroup = 4E50065A2340EA9600AC36DC /* Products */;
			projectDirPath = "";
			projectRoot = "";
			targets = (
				4E5006582340EA9600AC36DC /* overgg-swiftui */,
			);
		};
/* End PBXProject section */

/* Begin PBXResourcesBuildPhase section */
		4E5006572340EA9600AC36DC /* Resources */ = {
			isa = PBXResourcesBuildPhase;
			buildActionMask = 2147483647;
			files = (
				4E5006692340EA9800AC36DC /* LaunchScreen.storyboard in Resources */,
				4E5006662340EA9800AC36DC /* Preview Assets.xcassets in Resources */,
				4E5006712340ECFE00AC36DC /* rust in Resources */,
				4E5006632340EA9800AC36DC /* Assets.xcassets in Resources */,
			);
			runOnlyForDeploymentPostprocessing = 0;
		};
/* End PBXResourcesBuildPhase section */

/* Begin PBXShellScriptBuildPhase section */
		4E5006722340EED200AC36DC /* ShellScript */ = {
			isa = PBXShellScriptBuildPhase;
			buildActionMask = 2147483647;
			files = (
			);
			inputFileListPaths = (
			);
			inputPaths = (
			);
			outputFileListPaths = (
			);
			outputPaths = (
			);
			runOnlyForDeploymentPostprocessing = 0;
			shellPath = /bin/sh;
			shellScript = "# The $PATH used by XCode likely won't contain Cargo, fix that.\n# This assumes a default `rustup` setup.\nexport PATH=\"$HOME/.cargo/bin:$PATH\"\n\n# --xcode-integ determines --release and --targets from XCode's env vars.\n# Depending your setup, specify the rustup toolchain explicitly.\ncargo lipo --xcode-integ --manifest-path ./rust/Cargo.toml\n";
		};
/* End PBXShellScriptBuildPhase section */

/* Begin PBXSourcesBuildPhase section */
		4E5006552340EA9600AC36DC /* Sources */ = {
			isa = PBXSourcesBuildPhase;
			buildActionMask = 2147483647;
			files = (
				4E50065D2340EA9600AC36DC /* AppDelegate.swift in Sources */,
				4E50065F2340EA9600AC36DC /* SceneDelegate.swift in Sources */,
				4EAD69DB2340FB49003EA06A /* Downloader.swift in Sources */,
				4EAD69DA2340FB49003EA06A /* Scrapers.swift in Sources */,
				4EAD69D92340FB49003EA06A /* DataStructs.swift in Sources */,
				4E5006612340EA9600AC36DC /* ContentView.swift in Sources */,
			);
			runOnlyForDeploymentPostprocessing = 0;
		};
/* End PBXSourcesBuildPhase section */

/* Begin PBXVariantGroup section */
		4E5006672340EA9800AC36DC /* LaunchScreen.storyboard */ = {
			isa = PBXVariantGroup;
			children = (
				4E5006682340EA9800AC36DC /* Base */,
			);
			name = LaunchScreen.storyboard;
			sourceTree = "<group>";
		};
/* End PBXVariantGroup section */

/* Begin XCBuildConfiguration section */
		4E50066B2340EA9800AC36DC /* Debug */ = {
			isa = XCBuildConfiguration;
			buildSettings = {
				ALWAYS_SEARCH_USER_PATHS = NO;
				CLANG_ANALYZER_NONNULL = YES;
				CLANG_ANALYZER_NUMBER_OBJECT_CONVERSION = YES_AGGRESSIVE;
				CLANG_CXX_LANGUAGE_STANDARD = "gnu++14";
				CLANG_CXX_LIBRARY = "libc++";
				CLANG_ENABLE_MODULES = YES;
				CLANG_ENABLE_OBJC_ARC = YES;
				CLANG_ENABLE_OBJC_WEAK = YES;
				CLANG_WARN_BLOCK_CAPTURE_AUTORELEASING = YES;
				CLANG_WARN_BOOL_CONVERSION = YES;
				CLANG_WARN_COMMA = YES;
				CLANG_WARN_CONSTANT_CONVERSION = YES;
				CLANG_WARN_DEPRECATED_OBJC_IMPLEMENTATIONS = YES;
				CLANG_WARN_DIRECT_OBJC_ISA_USAGE = YES_ERROR;
				CLANG_WARN_DOCUMENTATION_COMMENTS = YES;
				CLANG_WARN_EMPTY_BODY = YES;
				CLANG_WARN_ENUM_CONVERSION = YES;
				CLANG_WARN_INFINITE_RECURSION = YES;
				CLANG_WARN_INT_CONVERSION = YES;
				CLANG_WARN_NON_LITERAL_NULL_CONVERSION = YES;
				CLANG_WARN_OBJC_IMPLICIT_RETAIN_SELF = YES;
				CLANG_WARN_OBJC_LITERAL_CONVERSION = YES;
				CLANG_WARN_OBJC_ROOT_CLASS = YES_ERROR;
				CLANG_WARN_RANGE_LOOP_ANALYSIS = YES;
				CLANG_WARN_STRICT_PROTOTYPES = YES;
				CLANG_WARN_SUSPICIOUS_MOVE = YES;
				CLANG_WARN_UNGUARDED_AVAILABILITY = YES_AGGRESSIVE;
				CLANG_WARN_UNREACHABLE_CODE = YES;
				CLANG_WARN__DUPLICATE_METHOD_MATCH = YES;
				COPY_PHASE_STRIP = NO;
				DEBUG_INFORMATION_FORMAT = dwarf;
				ENABLE_STRICT_OBJC_MSGSEND = YES;
				ENABLE_TESTABILITY = YES;
				GCC_C_LANGUAGE_STANDARD = gnu11;
				GCC_DYNAMIC_NO_PIC = NO;
				GCC_NO_COMMON_BLOCKS = YES;
				GCC_OPTIMIZATION_LEVEL = 0;
				GCC_PREPROCESSOR_DEFINITIONS = (
					"DEBUG=1",
					"$(inherited)",
				);
				GCC_WARN_64_TO_32_BIT_CONVERSION = YES;
				GCC_WARN_ABOUT_RETURN_TYPE = YES_ERROR;
				GCC_WARN_UNDECLARED_SELECTOR = YES;
				GCC_WARN_UNINITIALIZED_AUTOS = YES_AGGRESSIVE;
				GCC_WARN_UNUSED_FUNCTION = YES;
				GCC_WARN_UNUSED_VARIABLE = YES;
				IPHONEOS_DEPLOYMENT_TARGET = 13.0;
				MTL_ENABLE_DEBUG_INFO = INCLUDE_SOURCE;
				MTL_FAST_MATH = YES;
				ONLY_ACTIVE_ARCH = YES;
				SDKROOT = iphoneos;
				SWIFT_ACTIVE_COMPILATION_CONDITIONS = DEBUG;
				SWIFT_OPTIMIZATION_LEVEL = "-Onone";
			};
			name = Debug;
		};
		4E50066C2340EA9800AC36DC /* Release */ = {
			isa = XCBuildConfiguration;
			buildSettings = {
				ALWAYS_SEARCH_USER_PATHS = NO;
				CLANG_ANALYZER_NONNULL = YES;
				CLANG_ANALYZER_NUMBER_OBJECT_CONVERSION = YES_AGGRESSIVE;
				CLANG_CXX_LANGUAGE_STANDARD = "gnu++14";
				CLANG_CXX_LIBRARY = "libc++";
				CLANG_ENABLE_MODULES = YES;
				CLANG_ENABLE_OBJC_ARC = YES;
				CLANG_ENABLE_OBJC_WEAK = YES;
				CLANG_WARN_BLOCK_CAPTURE_AUTORELEASING = YES;
				CLANG_WARN_BOOL_CONVERSION = YES;
				CLANG_WARN_COMMA = YES;
				CLANG_WARN_CONSTANT_CONVERSION = YES;
				CLANG_WARN_DEPRECATED_OBJC_IMPLEMENTATIONS = YES;
				CLANG_WARN_DIRECT_OBJC_ISA_USAGE = YES_ERROR;
				CLANG_WARN_DOCUMENTATION_COMMENTS = YES;
				CLANG_WARN_EMPTY_BODY = YES;
				CLANG_WARN_ENUM_CONVERSION = YES;
				CLANG_WARN_INFINITE_RECURSION = YES;
				CLANG_WARN_INT_CONVERSION = YES;
				CLANG_WARN_NON_LITERAL_NULL_CONVERSION = YES;
				CLANG_WARN_OBJC_IMPLICIT_RETAIN_SELF = YES;
				CLANG_WARN_OBJC_LITERAL_CONVERSION = YES;
				CLANG_WARN_OBJC_ROOT_CLASS = YES_ERROR;
				CLANG_WARN_RANGE_LOOP_ANALYSIS = YES;
				CLANG_WARN_STRICT_PROTOTYPES = YES;
				CLANG_WARN_SUSPICIOUS_MOVE = YES;
				CLANG_WARN_UNGUARDED_AVAILABILITY = YES_AGGRESSIVE;
				CLANG_WARN_UNREACHABLE_CODE = YES;
				CLANG_WARN__DUPLICATE_METHOD_MATCH = YES;
				COPY_PHASE_STRIP = NO;
				DEBUG_INFORMATION_FORMAT = "dwarf-with-dsym";
				ENABLE_NS_ASSERTIONS = NO;
				ENABLE_STRICT_OBJC_MSGSEND = YES;
				GCC_C_LANGUAGE_STANDARD = gnu11;
				GCC_NO_COMMON_BLOCKS = YES;
				GCC_WARN_64_TO_32_BIT_CONVERSION = YES;
				GCC_WARN_ABOUT_RETURN_TYPE = YES_ERROR;
				GCC_WARN_UNDECLARED_SELECTOR = YES;
				GCC_WARN_UNINITIALIZED_AUTOS = YES_AGGRESSIVE;
				GCC_WARN_UNUSED_FUNCTION = YES;
				GCC_WARN_UNUSED_VARIABLE = YES;
				IPHONEOS_DEPLOYMENT_TARGET = 13.0;
				MTL_ENABLE_DEBUG_INFO = NO;
				MTL_FAST_MATH = YES;
				SDKROOT = iphoneos;
				SWIFT_COMPILATION_MODE = wholemodule;
				SWIFT_OPTIMIZATION_LEVEL = "-O";
				VALIDATE_PRODUCT = YES;
			};
			name = Release;
		};
		4E50066E2340EA9800AC36DC /* Debug */ = {
			isa = XCBuildConfiguration;
			buildSettings = {
				ASSETCATALOG_COMPILER_APPICON_NAME = AppIcon;
				CLANG_ENABLE_MODULES = YES;
				CODE_SIGN_STYLE = Automatic;
				DEVELOPMENT_ASSET_PATHS = "\"overgg-swiftui/Preview Content\"";
				DEVELOPMENT_TEAM = 3QW3A57NDT;
				ENABLE_BITCODE = NO;
				ENABLE_PREVIEWS = YES;
				INFOPLIST_FILE = "overgg-swiftui/Info.plist";
				LD_RUNPATH_SEARCH_PATHS = (
					"$(inherited)",
					"@executable_path/Frameworks",
				);
				LIBRARY_SEARCH_PATHS = (
					"$(inherited)",
					"$(PROJECT_DIR)/rust/target/universal/debug",
				);
				PRODUCT_BUNDLE_IDENTIFIER = "dev.cldfire.overgg-swiftui";
				PRODUCT_NAME = "$(TARGET_NAME)";
				SWIFT_OBJC_BRIDGING_HEADER = "overgg-swiftui/overgg-swiftui-Bridging-Header.h";
				SWIFT_OPTIMIZATION_LEVEL = "-Onone";
				SWIFT_VERSION = 5.0;
				TARGETED_DEVICE_FAMILY = "1,2";
				USER_HEADER_SEARCH_PATHS = "$(PROJECT_DIR)/rust";
			};
			name = Debug;
		};
		4E50066F2340EA9800AC36DC /* Release */ = {
			isa = XCBuildConfiguration;
			buildSettings = {
				ASSETCATALOG_COMPILER_APPICON_NAME = AppIcon;
				CLANG_ENABLE_MODULES = YES;
				CODE_SIGN_STYLE = Automatic;
				DEVELOPMENT_ASSET_PATHS = "\"overgg-swiftui/Preview Content\"";
				DEVELOPMENT_TEAM = 3QW3A57NDT;
				ENABLE_BITCODE = NO;
				ENABLE_PREVIEWS = YES;
				INFOPLIST_FILE = "overgg-swiftui/Info.plist";
				LD_RUNPATH_SEARCH_PATHS = (
					"$(inherited)",
					"@executable_path/Frameworks",
				);
				LIBRARY_SEARCH_PATHS = (
					"$(inherited)",
					"$(PROJECT_DIR)/rust/target/universal/release",
				);
				PRODUCT_BUNDLE_IDENTIFIER = "dev.cldfire.overgg-swiftui";
				PRODUCT_NAME = "$(TARGET_NAME)";
				SWIFT_OBJC_BRIDGING_HEADER = "overgg-swiftui/overgg-swiftui-Bridging-Header.h";
				SWIFT_VERSION = 5.0;
				TARGETED_DEVICE_FAMILY = "1,2";
				USER_HEADER_SEARCH_PATHS = "$(PROJECT_DIR)/rust";
			};
			name = Release;
		};
/* End XCBuildConfiguration section */

/* Begin XCConfigurationList section */
		4E5006542340EA9600AC36DC /* Build configuration list for PBXProject "overgg-swiftui" */ = {
			isa = XCConfigurationList;
			buildConfigurations = (
				4E50066B2340EA9800AC36DC /* Debug */,
				4E50066C2340EA9800AC36DC /* Release */,
			);
			defaultConfigurationIsVisible = 0;
			defaultConfigurationName = Release;
		};
		4E50066D2340EA9800AC36DC /* Build configuration list for PBXNativeTarget "overgg-swiftui" */ = {
			isa = XCConfigurationList;
			buildConfigurations = (
				4E50066E2340EA9800AC36DC /* Debug */,
				4E50066F2340EA9800AC36DC /* Release */,
			);
			defaultConfigurationIsVisible = 0;
			defaultConfigurationName = Release;
		};
/* End XCConfigurationList section */
	};
	rootObject = 4E5006512340EA9600AC36DC /* Project object */;
}
